// !$*UTF8*$!
{
	archiveVersion = 1;
	classes = {
	};
	objectVersion = 70;
	objects = {

/* Begin PBXBuildFile section */
/* === iOS (Sit) target build files === */
		1A000001 /* SitApp.swift in Sources */ = {isa = PBXBuildFile; fileRef = 2A000001 /* SitApp.swift */; };
		1A000002 /* ContentView.swift in Sources */ = {isa = PBXBuildFile; fileRef = 2A000002 /* ContentView.swift */; };
		C0010001 /* Theme.swift in Sources */ = {isa = PBXBuildFile; fileRef = B0010001 /* Theme.swift */; };
		C0010002 /* Models.swift in Sources */ = {isa = PBXBuildFile; fileRef = B0010002 /* Models.swift */; };
		C0010003 /* APIService.swift in Sources */ = {isa = PBXBuildFile; fileRef = B0010003 /* APIService.swift */; };
		C0010004 /* PhoneConnectivityManager.swift in Sources */ = {isa = PBXBuildFile; fileRef = B0010004 /* PhoneConnectivityManager.swift */; };
		C0010005 /* KeychainHelper.swift in Sources */ = {isa = PBXBuildFile; fileRef = B0010005 /* KeychainHelper.swift */; };
		C0010006 /* AuthManager.swift in Sources */ = {isa = PBXBuildFile; fileRef = B0010006 /* AuthManager.swift */; };
		C0010007 /* LoginView.swift in Sources */ = {isa = PBXBuildFile; fileRef = B0010007 /* LoginView.swift */; };
		C0010008 /* SignupView.swift in Sources */ = {isa = PBXBuildFile; fileRef = B0010008 /* SignupView.swift */; };
		C0010009 /* HomeView.swift in Sources */ = {isa = PBXBuildFile; fileRef = B0010009 /* HomeView.swift */; };
		C001000A /* OnboardingView.swift in Sources */ = {isa = PBXBuildFile; fileRef = B001000A /* OnboardingView.swift */; };
		C001000B /* ChatView.swift in Sources */ = {isa = PBXBuildFile; fileRef = B001000B /* ChatView.swift */; };
		C001000C /* ChatBubbleView.swift in Sources */ = {isa = PBXBuildFile; fileRef = B001000C /* ChatBubbleView.swift */; };
		C001000D /* ChatViewModel.swift in Sources */ = {isa = PBXBuildFile; fileRef = B001000D /* ChatViewModel.swift */; };
		C001000E /* ConfirmationView.swift in Sources */ = {isa = PBXBuildFile; fileRef = B001000E /* ConfirmationView.swift */; };
		C001000F /* SettingsView.swift in Sources */ = {isa = PBXBuildFile; fileRef = B001000F /* SettingsView.swift */; };
		C0010010 /* NotificationSettingsView.swift in Sources */ = {isa = PBXBuildFile; fileRef = B0010010 /* NotificationSettingsView.swift */; };
		C0010011 /* ConversationStartersView.swift in Sources */ = {isa = PBXBuildFile; fileRef = B0010011 /* ConversationStartersView.swift */; };
		C0010012 /* AccountView.swift in Sources */ = {isa = PBXBuildFile; fileRef = B0010012 /* AccountView.swift */; };
		C0010013 /* ExploreView.swift in Sources */ = {isa = PBXBuildFile; fileRef = B0010013 /* ExploreView.swift */; };
		C0010014 /* FlowEditorView.swift in Sources */ = {isa = PBXBuildFile; fileRef = B0010014 /* FlowEditorView.swift */; };
		C0010015 /* FlowStepEditorView.swift in Sources */ = {isa = PBXBuildFile; fileRef = B0010015 /* FlowStepEditorView.swift */; };
		C0010016 /* DynamicFlowView.swift in Sources */ = {isa = PBXBuildFile; fileRef = B0010016 /* DynamicFlowView.swift */; };
		C0010017 /* DynamicStepView.swift in Sources */ = {isa = PBXBuildFile; fileRef = B0010017 /* DynamicStepView.swift */; };
		C0010018 /* FlowPreviewView.swift in Sources */ = {isa = PBXBuildFile; fileRef = B0010018 /* FlowPreviewView.swift */; };
		C0010019 /* VoiceRecorderView.swift in Sources */ = {isa = PBXBuildFile; fileRef = B0010019 /* VoiceRecorderView.swift */; };
/* === Watch (SitWatch) target build files === */
		D71E6B43AC2E5F57FE07C438 /* SitWatchApp.swift in Sources */ = {isa = PBXBuildFile; fileRef = 10703FA3456E7C129B18550C /* SitWatchApp.swift */; };
		275BD94121F8C3D7D0654A54 /* ContentView.swift in Sources */ = {isa = PBXBuildFile; fileRef = CFECCC6ED6941AE23CCF6F6A /* ContentView.swift */; };
		AAAA3006BBBB3006CCCC3006 /* APIService.swift in Sources */ = {isa = PBXBuildFile; fileRef = DDDD7006EEEE7006FFFF7006 /* APIService.swift */; };
		AAAA3007BBBB3007CCCC3007 /* ResponseQueue.swift in Sources */ = {isa = PBXBuildFile; fileRef = DDDD7007EEEE7007FFFF7007 /* ResponseQueue.swift */; };
		AAAA3008BBBB3008CCCC3008 /* NotificationService.swift in Sources */ = {isa = PBXBuildFile; fileRef = DDDD7008EEEE7008FFFF7008 /* NotificationService.swift */; };
		C0020001 /* WatchModels.swift in Sources */ = {isa = PBXBuildFile; fileRef = B0020001 /* WatchModels.swift */; };
		C0020002 /* WatchTheme.swift in Sources */ = {isa = PBXBuildFile; fileRef = B0020002 /* WatchTheme.swift */; };
		C0020003 /* WatchHomeView.swift in Sources */ = {isa = PBXBuildFile; fileRef = B0020003 /* WatchHomeView.swift */; };
		C0020004 /* WatchConnectivityManager.swift in Sources */ = {isa = PBXBuildFile; fileRef = B0020004 /* WatchConnectivityManager.swift */; };
		C0020005 /* WatchDynamicFlowView.swift in Sources */ = {isa = PBXBuildFile; fileRef = B0020005 /* WatchDynamicFlowView.swift */; };
		C0020006 /* WatchDynamicStepView.swift in Sources */ = {isa = PBXBuildFile; fileRef = B0020006 /* WatchDynamicStepView.swift */; };
		C0020007 /* WatchVoiceRecorderView.swift in Sources */ = {isa = PBXBuildFile; fileRef = B0020007 /* WatchVoiceRecorderView.swift */; };
		C0020008 /* WatchConfirmationView.swift in Sources */ = {isa = PBXBuildFile; fileRef = B0020008 /* WatchConfirmationView.swift */; };
		C0020009 /* TimerPresetsView.swift in Sources */ = {isa = PBXBuildFile; fileRef = B0020009 /* TimerPresetsView.swift */; };
		C002000A /* LiveTimerView.swift in Sources */ = {isa = PBXBuildFile; fileRef = B002000A /* LiveTimerView.swift */; };
		C002000B /* TimerManager.swift in Sources */ = {isa = PBXBuildFile; fileRef = B002000B /* TimerManager.swift */; };
/* === Font resources (Sit) === */
		FONT0002000000000001 /* CormorantGaramond-Light.ttf in Resources */ = {isa = PBXBuildFile; fileRef = FONT0001000000000001 /* CormorantGaramond-Light.ttf */; };
		FONT0002000000000002 /* CormorantGaramond-Regular.ttf in Resources */ = {isa = PBXBuildFile; fileRef = FONT0001000000000002 /* CormorantGaramond-Regular.ttf */; };
		FONT0002000000000003 /* Outfit-Regular.ttf in Resources */ = {isa = PBXBuildFile; fileRef = FONT0001000000000003 /* Outfit-Regular.ttf */; };
		FONT0002000000000004 /* Outfit-Medium.ttf in Resources */ = {isa = PBXBuildFile; fileRef = FONT0001000000000004 /* Outfit-Medium.ttf */; };
/* === Frameworks and resources === */
		D845B8AE2F815D6085030451 /* Foundation.framework in Frameworks */ = {isa = PBXBuildFile; fileRef = 5B02C031A85EABEF97DB40A3 /* Foundation.framework */; };
		F0E11FCA2F12CB9C0024B6F1 /* Assets.xcassets in Resources */ = {isa = PBXBuildFile; fileRef = F0E11FC92F12CB9C0024B6F1 /* Assets.xcassets */; };
		F0E11FCB2F12CBB50024B6F1 /* WatchConnectivity.framework in Frameworks */ = {isa = PBXBuildFile; fileRef = 0EA160D0A1C829172ACF69FA /* WatchConnectivity.framework */; };
		F0E11FD42F1323E50024B6F1 /* WidgetKit.framework in Frameworks */ = {isa = PBXBuildFile; fileRef = F0E11FD32F1323E50024B6F1 /* WidgetKit.framework */; };
		F0E11FD62F1323E50024B6F1 /* SwiftUI.framework in Frameworks */ = {isa = PBXBuildFile; fileRef = F0E11FD52F1323E50024B6F1 /* SwiftUI.framework */; };
		F0E11FE32F1323E70024B6F1 /* SitWatchWidgetExtension.appex in Embed Foundation Extensions */ = {isa = PBXBuildFile; fileRef = F0E11FD22F1323E50024B6F1 /* SitWatchWidgetExtension.appex */; settings = {ATTRIBUTES = (RemoveHeadersOnCopy, ); }; };
/* End PBXBuildFile section */

/* Begin PBXContainerItemProxy section */
		F0E11FE12F1323E70024B6F1 /* PBXContainerItemProxy */ = {
			isa = PBXContainerItemProxy;
			containerPortal = BA000001 /* Project object */;
			proxyType = 1;
			remoteGlobalIDString = F0E11FD12F1323E50024B6F1;
			remoteInfo = SitWatchWidgetExtension;
		};
/* End PBXContainerItemProxy section */

/* Begin PBXCopyFilesBuildPhase section */
		F0E11FE42F1323E70024B6F1 /* Embed Foundation Extensions */ = {
			isa = PBXCopyFilesBuildPhase;
			buildActionMask = 2147483647;
			dstPath = "";
			dstSubfolderSpec = 13;
			files = (
				F0E11FE32F1323E70024B6F1 /* SitWatchWidgetExtension.appex in Embed Foundation Extensions */,
			);
			name = "Embed Foundation Extensions";
			runOnlyForDeploymentPostprocessing = 0;
		};
/* End PBXCopyFilesBuildPhase section */

/* Begin PBXFileReference section */
/* === iOS app files === */
		0A000001 /* Sit.app */ = {isa = PBXFileReference; explicitFileType = wrapper.application; includeInIndex = 0; path = Sit.app; sourceTree = BUILT_PRODUCTS_DIR; };
		2A000001 /* SitApp.swift */ = {isa = PBXFileReference; lastKnownFileType = sourcecode.swift; path = SitApp.swift; sourceTree = "<group>"; };
		2A000002 /* ContentView.swift */ = {isa = PBXFileReference; lastKnownFileType = sourcecode.swift; path = ContentView.swift; sourceTree = "<group>"; };
		3A000001 /* Info.plist */ = {isa = PBXFileReference; lastKnownFileType = text.plist.xml; path = Info.plist; sourceTree = "<group>"; };
		F0E11FC82F12CB880024B6F1 /* Assets.xcassets */ = {isa = PBXFileReference; lastKnownFileType = folder.assetcatalog; path = Assets.xcassets; sourceTree = "<group>"; };
		B0010001 /* Theme.swift */ = {isa = PBXFileReference; lastKnownFileType = sourcecode.swift; path = Theme.swift; sourceTree = "<group>"; };
		B0010002 /* Models.swift */ = {isa = PBXFileReference; lastKnownFileType = sourcecode.swift; path = Models.swift; sourceTree = "<group>"; };
		B0010003 /* APIService.swift */ = {isa = PBXFileReference; lastKnownFileType = sourcecode.swift; path = APIService.swift; sourceTree = "<group>"; };
		B0010004 /* PhoneConnectivityManager.swift */ = {isa = PBXFileReference; lastKnownFileType = sourcecode.swift; path = PhoneConnectivityManager.swift; sourceTree = "<group>"; };
		B0010005 /* KeychainHelper.swift */ = {isa = PBXFileReference; lastKnownFileType = sourcecode.swift; path = KeychainHelper.swift; sourceTree = "<group>"; };
		B0010006 /* AuthManager.swift */ = {isa = PBXFileReference; lastKnownFileType = sourcecode.swift; path = AuthManager.swift; sourceTree = "<group>"; };
		B0010007 /* LoginView.swift */ = {isa = PBXFileReference; lastKnownFileType = sourcecode.swift; path = LoginView.swift; sourceTree = "<group>"; };
		B0010008 /* SignupView.swift */ = {isa = PBXFileReference; lastKnownFileType = sourcecode.swift; path = SignupView.swift; sourceTree = "<group>"; };
		B0010009 /* HomeView.swift */ = {isa = PBXFileReference; lastKnownFileType = sourcecode.swift; path = HomeView.swift; sourceTree = "<group>"; };
		B001000A /* OnboardingView.swift */ = {isa = PBXFileReference; lastKnownFileType = sourcecode.swift; path = OnboardingView.swift; sourceTree = "<group>"; };
		B001000B /* ChatView.swift */ = {isa = PBXFileReference; lastKnownFileType = sourcecode.swift; path = ChatView.swift; sourceTree = "<group>"; };
		B001000C /* ChatBubbleView.swift */ = {isa = PBXFileReference; lastKnownFileType = sourcecode.swift; path = ChatBubbleView.swift; sourceTree = "<group>"; };
		B001000D /* ChatViewModel.swift */ = {isa = PBXFileReference; lastKnownFileType = sourcecode.swift; path = ChatViewModel.swift; sourceTree = "<group>"; };
		B001000E /* ConfirmationView.swift */ = {isa = PBXFileReference; lastKnownFileType = sourcecode.swift; path = ConfirmationView.swift; sourceTree = "<group>"; };
		B001000F /* SettingsView.swift */ = {isa = PBXFileReference; lastKnownFileType = sourcecode.swift; path = SettingsView.swift; sourceTree = "<group>"; };
		B0010010 /* NotificationSettingsView.swift */ = {isa = PBXFileReference; lastKnownFileType = sourcecode.swift; path = NotificationSettingsView.swift; sourceTree = "<group>"; };
		B0010011 /* ConversationStartersView.swift */ = {isa = PBXFileReference; lastKnownFileType = sourcecode.swift; path = ConversationStartersView.swift; sourceTree = "<group>"; };
		B0010012 /* AccountView.swift */ = {isa = PBXFileReference; lastKnownFileType = sourcecode.swift; path = AccountView.swift; sourceTree = "<group>"; };
		B0010013 /* ExploreView.swift */ = {isa = PBXFileReference; lastKnownFileType = sourcecode.swift; path = ExploreView.swift; sourceTree = "<group>"; };
		B0010014 /* FlowEditorView.swift */ = {isa = PBXFileReference; lastKnownFileType = sourcecode.swift; path = FlowEditorView.swift; sourceTree = "<group>"; };
		B0010015 /* FlowStepEditorView.swift */ = {isa = PBXFileReference; lastKnownFileType = sourcecode.swift; path = FlowStepEditorView.swift; sourceTree = "<group>"; };
		B0010016 /* DynamicFlowView.swift */ = {isa = PBXFileReference; lastKnownFileType = sourcecode.swift; path = DynamicFlowView.swift; sourceTree = "<group>"; };
		B0010017 /* DynamicStepView.swift */ = {isa = PBXFileReference; lastKnownFileType = sourcecode.swift; path = DynamicStepView.swift; sourceTree = "<group>"; };
		B0010018 /* FlowPreviewView.swift */ = {isa = PBXFileReference; lastKnownFileType = sourcecode.swift; path = FlowPreviewView.swift; sourceTree = "<group>"; };
		B0010019 /* VoiceRecorderView.swift */ = {isa = PBXFileReference; lastKnownFileType = sourcecode.swift; path = VoiceRecorderView.swift; sourceTree = "<group>"; };
/* === Watch app files === */
		1DDB889ABC85CFFA9EE89553 /* SitWatch.app */ = {isa = PBXFileReference; explicitFileType = wrapper.application; includeInIndex = 0; path = SitWatch.app; sourceTree = BUILT_PRODUCTS_DIR; };
		1FAB7B7F6A683737E0D51D18 /* SitWatch.app */ = {isa = PBXFileReference; explicitFileType = wrapper.application; includeInIndex = 0; path = SitWatch.app; sourceTree = BUILT_PRODUCTS_DIR; };
		10703FA3456E7C129B18550C /* SitWatchApp.swift */ = {isa = PBXFileReference; includeInIndex = 1; lastKnownFileType = sourcecode.swift; path = SitWatchApp.swift; sourceTree = "<group>"; };
		CFECCC6ED6941AE23CCF6F6A /* ContentView.swift */ = {isa = PBXFileReference; includeInIndex = 1; lastKnownFileType = sourcecode.swift; path = ContentView.swift; sourceTree = "<group>"; };
		DDDD7006EEEE7006FFFF7006 /* APIService.swift */ = {isa = PBXFileReference; includeInIndex = 1; lastKnownFileType = sourcecode.swift; path = APIService.swift; sourceTree = "<group>"; };
		DDDD7007EEEE7007FFFF7007 /* ResponseQueue.swift */ = {isa = PBXFileReference; includeInIndex = 1; lastKnownFileType = sourcecode.swift; path = ResponseQueue.swift; sourceTree = "<group>"; };
		DDDD7008EEEE7008FFFF7008 /* NotificationService.swift */ = {isa = PBXFileReference; includeInIndex = 1; lastKnownFileType = sourcecode.swift; path = NotificationService.swift; sourceTree = "<group>"; };
		39441231A0CCAF3457160D74 /* Info.plist */ = {isa = PBXFileReference; includeInIndex = 1; lastKnownFileType = text.plist.xml; path = Info.plist; sourceTree = "<group>"; };
		F0E11FC92F12CB9C0024B6F1 /* Assets.xcassets */ = {isa = PBXFileReference; lastKnownFileType = folder.assetcatalog; path = Assets.xcassets; sourceTree = "<group>"; };
		B0020001 /* WatchModels.swift */ = {isa = PBXFileReference; lastKnownFileType = sourcecode.swift; path = WatchModels.swift; sourceTree = "<group>"; };
		B0020002 /* WatchTheme.swift */ = {isa = PBXFileReference; lastKnownFileType = sourcecode.swift; path = WatchTheme.swift; sourceTree = "<group>"; };
		B0020003 /* WatchHomeView.swift */ = {isa = PBXFileReference; lastKnownFileType = sourcecode.swift; path = WatchHomeView.swift; sourceTree = "<group>"; };
		B0020004 /* WatchConnectivityManager.swift */ = {isa = PBXFileReference; lastKnownFileType = sourcecode.swift; path = WatchConnectivityManager.swift; sourceTree = "<group>"; };
		B0020005 /* WatchDynamicFlowView.swift */ = {isa = PBXFileReference; lastKnownFileType = sourcecode.swift; path = WatchDynamicFlowView.swift; sourceTree = "<group>"; };
		B0020006 /* WatchDynamicStepView.swift */ = {isa = PBXFileReference; lastKnownFileType = sourcecode.swift; path = WatchDynamicStepView.swift; sourceTree = "<group>"; };
		B0020007 /* WatchVoiceRecorderView.swift */ = {isa = PBXFileReference; lastKnownFileType = sourcecode.swift; path = WatchVoiceRecorderView.swift; sourceTree = "<group>"; };
		B0020008 /* WatchConfirmationView.swift */ = {isa = PBXFileReference; lastKnownFileType = sourcecode.swift; path = WatchConfirmationView.swift; sourceTree = "<group>"; };
		B0020009 /* TimerPresetsView.swift */ = {isa = PBXFileReference; lastKnownFileType = sourcecode.swift; path = TimerPresetsView.swift; sourceTree = "<group>"; };
		B002000A /* LiveTimerView.swift */ = {isa = PBXFileReference; lastKnownFileType = sourcecode.swift; path = LiveTimerView.swift; sourceTree = "<group>"; };
		B002000B /* TimerManager.swift */ = {isa = PBXFileReference; lastKnownFileType = sourcecode.swift; path = TimerManager.swift; sourceTree = "<group>"; };
/* === Font files === */
		FONT0001000000000001 /* CormorantGaramond-Light.ttf */ = {isa = PBXFileReference; lastKnownFileType = file; path = "CormorantGaramond-Light.ttf"; sourceTree = "<group>"; };
		FONT0001000000000002 /* CormorantGaramond-Regular.ttf */ = {isa = PBXFileReference; lastKnownFileType = file; path = "CormorantGaramond-Regular.ttf"; sourceTree = "<group>"; };
		FONT0001000000000003 /* Outfit-Regular.ttf */ = {isa = PBXFileReference; lastKnownFileType = file; path = "Outfit-Regular.ttf"; sourceTree = "<group>"; };
		FONT0001000000000004 /* Outfit-Medium.ttf */ = {isa = PBXFileReference; lastKnownFileType = file; path = "Outfit-Medium.ttf"; sourceTree = "<group>"; };
/* === Frameworks === */
		0EA160D0A1C829172ACF69FA /* WatchConnectivity.framework */ = {isa = PBXFileReference; lastKnownFileType = wrapper.framework; name = WatchConnectivity.framework; path = System/Library/Frameworks/WatchConnectivity.framework; sourceTree = SDKROOT; };
		5B02C031A85EABEF97DB40A3 /* Foundation.framework */ = {isa = PBXFileReference; lastKnownFileType = wrapper.framework; name = Foundation.framework; path = System/Library/Frameworks/Foundation.framework; sourceTree = SDKROOT; };
		FE49D6C2A9E21AB6177EEE74 /* WatchConnectivity.framework */ = {isa = PBXFileReference; lastKnownFileType = wrapper.framework; name = WatchConnectivity.framework; path = System/Library/Frameworks/WatchConnectivity.framework; sourceTree = SDKROOT; };
		F0E11FD22F1323E50024B6F1 /* SitWatchWidgetExtension.appex */ = {isa = PBXFileReference; explicitFileType = "wrapper.app-extension"; includeInIndex = 0; path = SitWatchWidgetExtension.appex; sourceTree = BUILT_PRODUCTS_DIR; };
		F0E11FD32F1323E50024B6F1 /* WidgetKit.framework */ = {isa = PBXFileReference; lastKnownFileType = wrapper.framework; name = WidgetKit.framework; path = System/Library/Frameworks/WidgetKit.framework; sourceTree = SDKROOT; };
		F0E11FD52F1323E50024B6F1 /* SwiftUI.framework */ = {isa = PBXFileReference; lastKnownFileType = wrapper.framework; name = SwiftUI.framework; path = System/Library/Frameworks/SwiftUI.framework; sourceTree = SDKROOT; };
/* End PBXFileReference section */

/* Begin PBXFileSystemSynchronizedBuildFileExceptionSet section */
		F0E11FE72F1323E70024B6F1 /* PBXFileSystemSynchronizedBuildFileExceptionSet */ = {
			isa = PBXFileSystemSynchronizedBuildFileExceptionSet;
			membershipExceptions = (
				Info.plist,
			);
			target = F0E11FD12F1323E50024B6F1 /* SitWatchWidgetExtension */;
		};
/* End PBXFileSystemSynchronizedBuildFileExceptionSet section */

/* Begin PBXFileSystemSynchronizedRootGroup section */
		F0E11FD72F1323E50024B6F1 /* SitWatchWidget */ = {isa = PBXFileSystemSynchronizedRootGroup; exceptions = (F0E11FE72F1323E70024B6F1 /* PBXFileSystemSynchronizedBuildFileExceptionSet */, ); explicitFileTypes = {}; explicitFolders = (); path = SitWatchWidget; sourceTree = "<group>"; };
/* End PBXFileSystemSynchronizedRootGroup section */

/* Begin PBXFrameworksBuildPhase section */
		4A000001 /* Frameworks */ = {
			isa = PBXFrameworksBuildPhase;
			buildActionMask = 2147483647;
			files = (
				F0E11FCB2F12CBB50024B6F1 /* WatchConnectivity.framework in Frameworks */,
			);
			runOnlyForDeploymentPostprocessing = 0;
		};
		6143F344127E1DA08E2E1536 /* Frameworks */ = {
			isa = PBXFrameworksBuildPhase;
			buildActionMask = 2147483647;
			files = (
				D845B8AE2F815D6085030451 /* Foundation.framework in Frameworks */,
			);
			runOnlyForDeploymentPostprocessing = 0;
		};
		F0E11FCF2F1323E50024B6F1 /* Frameworks */ = {
			isa = PBXFrameworksBuildPhase;
			buildActionMask = 2147483647;
			files = (
				F0E11FD62F1323E50024B6F1 /* SwiftUI.framework in Frameworks */,
				F0E11FD42F1323E50024B6F1 /* WidgetKit.framework in Frameworks */,
			);
			runOnlyForDeploymentPostprocessing = 0;
		};
/* End PBXFrameworksBuildPhase section */

/* Begin PBXGroup section */
		5A000001 = {
			isa = PBXGroup;
			children = (
				6A000001 /* Sit */,
				F0E11FD72F1323E50024B6F1 /* SitWatchWidget */,
				7A000001 /* Products */,
				98725EE7589A1AF03CEA81F2 /* Frameworks */,
				AA324B2BF27E7DFF0D9255B1 /* SitWatch */,
			);
			sourceTree = "<group>";
		};
		6A000001 /* Sit */ = {
			isa = PBXGroup;
			children = (
				F0E11FC82F12CB880024B6F1 /* Assets.xcassets */,
				2A000001 /* SitApp.swift */,
				2A000002 /* ContentView.swift */,
				3A000001 /* Info.plist */,
				D0010001 /* Core */,
				D0010002 /* Auth */,
				D0010003 /* Home */,
				D0010004 /* Settings */,
				D0010005 /* FlowRunner */,
				FONT0003000000000001 /* Fonts */,
			);
			path = Sit;
			sourceTree = "<group>";
		};
		FONT0003000000000001 /* Fonts */ = {
			isa = PBXGroup;
			children = (
				FONT0001000000000001 /* CormorantGaramond-Light.ttf */,
				FONT0001000000000002 /* CormorantGaramond-Regular.ttf */,
				FONT0001000000000003 /* Outfit-Regular.ttf */,
				FONT0001000000000004 /* Outfit-Medium.ttf */,
			);
			path = Fonts;
			sourceTree = "<group>";
		};
		D0010001 /* Core */ = {
			isa = PBXGroup;
			children = (
				B0010001 /* Theme.swift */,
				B0010002 /* Models.swift */,
				B0010003 /* APIService.swift */,
				B0010004 /* PhoneConnectivityManager.swift */,
			);
			path = Core;
			sourceTree = "<group>";
		};
		D0010002 /* Auth */ = {
			isa = PBXGroup;
			children = (
				B0010005 /* KeychainHelper.swift */,
				B0010006 /* AuthManager.swift */,
				B0010007 /* LoginView.swift */,
				B0010008 /* SignupView.swift */,
			);
			path = Auth;
			sourceTree = "<group>";
		};
		D0010003 /* Home */ = {
			isa = PBXGroup;
			children = (
				B0010009 /* HomeView.swift */,
				B001000A /* OnboardingView.swift */,
				B001000B /* ChatView.swift */,
				B001000C /* ChatBubbleView.swift */,
				B001000D /* ChatViewModel.swift */,
				B001000E /* ConfirmationView.swift */,
			);
			path = Home;
			sourceTree = "<group>";
		};
		D0010004 /* Settings */ = {
			isa = PBXGroup;
			children = (
				B001000F /* SettingsView.swift */,
				B0010010 /* NotificationSettingsView.swift */,
				B0010011 /* ConversationStartersView.swift */,
				B0010012 /* AccountView.swift */,
				B0010013 /* ExploreView.swift */,
				B0010014 /* FlowEditorView.swift */,
				B0010015 /* FlowStepEditorView.swift */,
			);
			path = Settings;
			sourceTree = "<group>";
		};
		D0010005 /* FlowRunner */ = {
			isa = PBXGroup;
			children = (
				B0010016 /* DynamicFlowView.swift */,
				B0010017 /* DynamicStepView.swift */,
				B0010018 /* FlowPreviewView.swift */,
				B0010019 /* VoiceRecorderView.swift */,
			);
			path = FlowRunner;
			sourceTree = "<group>";
		};
		7A000001 /* Products */ = {
			isa = PBXGroup;
			children = (
				0A000001 /* Sit.app */,
				1DDB889ABC85CFFA9EE89553 /* SitWatch.app */,
				1FAB7B7F6A683737E0D51D18 /* SitWatch.app */,
				F0E11FD22F1323E50024B6F1 /* SitWatchWidgetExtension.appex */,
			);
			name = Products;
			sourceTree = "<group>";
		};
		98725EE7589A1AF03CEA81F2 /* Frameworks */ = {
			isa = PBXGroup;
			children = (
				CFACD37F23DB92D5AF643E94 /* watchOS */,
				CC1C08C9C9FDFF701CDB236E /* iOS */,
				F0E11FD32F1323E50024B6F1 /* WidgetKit.framework */,
				F0E11FD52F1323E50024B6F1 /* SwiftUI.framework */,
			);
			name = Frameworks;
			sourceTree = "<group>";
		};
		AA324B2BF27E7DFF0D9255B1 /* SitWatch */ = {
			isa = PBXGroup;
			children = (
				F0E11FC92F12CB9C0024B6F1 /* Assets.xcassets */,
				10703FA3456E7C129B18550C /* SitWatchApp.swift */,
				CFECCC6ED6941AE23CCF6F6A /* ContentView.swift */,
				DDDD7006EEEE7006FFFF7006 /* APIService.swift */,
				DDDD7007EEEE7007FFFF7007 /* ResponseQueue.swift */,
				DDDD7008EEEE7008FFFF7008 /* NotificationService.swift */,
				B0020003 /* WatchHomeView.swift */,
				B0020004 /* WatchConnectivityManager.swift */,
				39441231A0CCAF3457160D74 /* Info.plist */,
				D0020001 /* Core */,
				D0020002 /* FlowRunner */,
				D0020003 /* Timers */,
			);
			path = SitWatch;
			sourceTree = "<group>";
		};
		D0020001 /* Core */ = {
			isa = PBXGroup;
			children = (
				B0020001 /* WatchModels.swift */,
				B0020002 /* WatchTheme.swift */,
			);
			path = Core;
			sourceTree = "<group>";
		};
		D0020002 /* FlowRunner */ = {
			isa = PBXGroup;
			children = (
				B0020005 /* WatchDynamicFlowView.swift */,
				B0020006 /* WatchDynamicStepView.swift */,
				B0020007 /* WatchVoiceRecorderView.swift */,
				B0020008 /* WatchConfirmationView.swift */,
			);
			path = FlowRunner;
			sourceTree = "<group>";
		};
		D0020003 /* Timers */ = {
			isa = PBXGroup;
			children = (
				B0020009 /* TimerPresetsView.swift */,
				B002000A /* LiveTimerView.swift */,
				B002000B /* TimerManager.swift */,
			);
			path = Timers;
			sourceTree = "<group>";
		};
		CC1C08C9C9FDFF701CDB236E /* iOS */ = {
			isa = PBXGroup;
			children = (
				0EA160D0A1C829172ACF69FA /* WatchConnectivity.framework */,
			);
			name = iOS;
			sourceTree = "<group>";
		};
		CFACD37F23DB92D5AF643E94 /* watchOS */ = {
			isa = PBXGroup;
			children = (
				5B02C031A85EABEF97DB40A3 /* Foundation.framework */,
				FE49D6C2A9E21AB6177EEE74 /* WatchConnectivity.framework */,
			);
			name = watchOS;
			sourceTree = "<group>";
		};
/* End PBXGroup section */

/* Begin PBXNativeTarget section */
		00F66C842EA69998D8872E85 /* SitWatch */ = {
			isa = PBXNativeTarget;
			buildConfigurationList = 82ED8AC024C2AAB7F9752B9D /* Build configuration list for PBXNativeTarget "SitWatch" */;
			buildPhases = (
				589EC16F3E22A42CE90B3E67 /* Sources */,
				6143F344127E1DA08E2E1536 /* Frameworks */,
				3D7F7FF9BB84C5B3C91DB1CF /* Resources */,
				F0E11FE42F1323E70024B6F1 /* Embed Foundation Extensions */,
			);
			buildRules = (
			);
			dependencies = (
				F0E11FE22F1323E70024B6F1 /* PBXTargetDependency */,
			);
			name = SitWatch;
			productName = SitWatch;
			productReference = 1FAB7B7F6A683737E0D51D18 /* SitWatch.app */;
			productType = "com.apple.product-type.application";
		};
		8A000001 /* Sit */ = {
			isa = PBXNativeTarget;
			buildConfigurationList = 9A000001 /* Build configuration list for PBXNativeTarget "Sit" */;
			buildPhases = (
				AA000001 /* Sources */,
				4A000001 /* Frameworks */,
				FONT0004000000000001 /* Resources */,
			);
			buildRules = (
			);
			dependencies = (
			);
			name = Sit;
			productName = Sit;
			productReference = 0A000001 /* Sit.app */;
			productType = "com.apple.product-type.application";
		};
		F0E11FD12F1323E50024B6F1 /* SitWatchWidgetExtension */ = {
			isa = PBXNativeTarget;
			buildConfigurationList = F0E11FE82F1323E70024B6F1 /* Build configuration list for PBXNativeTarget "SitWatchWidgetExtension" */;
			buildPhases = (
				F0E11FCE2F1323E50024B6F1 /* Sources */,
				F0E11FCF2F1323E50024B6F1 /* Frameworks */,
				F0E11FD02F1323E50024B6F1 /* Resources */,
			);
			buildRules = (
			);
			dependencies = (
			);
			fileSystemSynchronizedGroups = (
				F0E11FD72F1323E50024B6F1 /* SitWatchWidget */,
			);
			name = SitWatchWidgetExtension;
			packageProductDependencies = (
			);
			productName = SitWatchWidgetExtension;
			productReference = F0E11FD22F1323E50024B6F1 /* SitWatchWidgetExtension.appex */;
			productType = "com.apple.product-type.app-extension";
		};
/* End PBXNativeTarget section */

/* Begin PBXProject section */
		BA000001 /* Project object */ = {
			isa = PBXProject;
			attributes = {
				BuildIndependentTargetsInParallel = 1;
				LastSwiftUpdateCheck = 2620;
				LastUpgradeCheck = 2620;
				TargetAttributes = {
					8A000001 = {
						CreatedOnToolsVersion = 15.0;
					};
					F0E11FD12F1323E50024B6F1 = {
						CreatedOnToolsVersion = 26.2;
					};
				};
			};
			buildConfigurationList = CA000001 /* Build configuration list for PBXProject "Sit" */;
			compatibilityVersion = "Xcode 14.0";
			developmentRegion = en;
			hasScannedForEncodings = 0;
			knownRegions = (
				en,
				Base,
			);
			mainGroup = 5A000001;
			productRefGroup = 7A000001 /* Products */;
			projectDirPath = "";
			projectRoot = "";
			targets = (
				8A000001 /* Sit */,
				00F66C842EA69998D8872E85 /* SitWatch */,
				F0E11FD12F1323E50024B6F1 /* SitWatchWidgetExtension */,
			);
		};
/* End PBXProject section */

/* Begin PBXResourcesBuildPhase section */
		3D7F7FF9BB84C5B3C91DB1CF /* Resources */ = {
			isa = PBXResourcesBuildPhase;
			buildActionMask = 2147483647;
			files = (
				F0E11FCA2F12CB9C0024B6F1 /* Assets.xcassets in Resources */,
			);
			runOnlyForDeploymentPostprocessing = 0;
		};
		FONT0004000000000001 /* Resources */ = {
			isa = PBXResourcesBuildPhase;
			buildActionMask = 2147483647;
			files = (
				FONT0002000000000001 /* CormorantGaramond-Light.ttf in Resources */,
				FONT0002000000000002 /* CormorantGaramond-Regular.ttf in Resources */,
				FONT0002000000000003 /* Outfit-Regular.ttf in Resources */,
				FONT0002000000000004 /* Outfit-Medium.ttf in Resources */,
			);
			runOnlyForDeploymentPostprocessing = 0;
		};
		F0E11FD02F1323E50024B6F1 /* Resources */ = {
			isa = PBXResourcesBuildPhase;
			buildActionMask = 2147483647;
			files = (
			);
			runOnlyForDeploymentPostprocessing = 0;
		};
/* End PBXResourcesBuildPhase section */

/* Begin PBXSourcesBuildPhase section */
		589EC16F3E22A42CE90B3E67 /* Sources */ = {
			isa = PBXSourcesBuildPhase;
			buildActionMask = 2147483647;
			files = (
				D71E6B43AC2E5F57FE07C438 /* SitWatchApp.swift in Sources */,
				275BD94121F8C3D7D0654A54 /* ContentView.swift in Sources */,
				AAAA3006BBBB3006CCCC3006 /* APIService.swift in Sources */,
				AAAA3007BBBB3007CCCC3007 /* ResponseQueue.swift in Sources */,
				AAAA3008BBBB3008CCCC3008 /* NotificationService.swift in Sources */,
				C0020001 /* WatchModels.swift in Sources */,
				C0020002 /* WatchTheme.swift in Sources */,
				C0020003 /* WatchHomeView.swift in Sources */,
				C0020004 /* WatchConnectivityManager.swift in Sources */,
				C0020005 /* WatchDynamicFlowView.swift in Sources */,
				C0020006 /* WatchDynamicStepView.swift in Sources */,
				C0020007 /* WatchVoiceRecorderView.swift in Sources */,
				C0020008 /* WatchConfirmationView.swift in Sources */,
				C0020009 /* TimerPresetsView.swift in Sources */,
				C002000A /* LiveTimerView.swift in Sources */,
				C002000B /* TimerManager.swift in Sources */,
			);
			runOnlyForDeploymentPostprocessing = 0;
		};
		AA000001 /* Sources */ = {
			isa = PBXSourcesBuildPhase;
			buildActionMask = 2147483647;
			files = (
				1A000001 /* SitApp.swift in Sources */,
				1A000002 /* ContentView.swift in Sources */,
				C0010001 /* Theme.swift in Sources */,
				C0010002 /* Models.swift in Sources */,
				C0010003 /* APIService.swift in Sources */,
				C0010004 /* PhoneConnectivityManager.swift in Sources */,
				C0010005 /* KeychainHelper.swift in Sources */,
				C0010006 /* AuthManager.swift in Sources */,
				C0010007 /* LoginView.swift in Sources */,
				C0010008 /* SignupView.swift in Sources */,
				C0010009 /* HomeView.swift in Sources */,
				C001000A /* OnboardingView.swift in Sources */,
				C001000B /* ChatView.swift in Sources */,
				C001000C /* ChatBubbleView.swift in Sources */,
				C001000D /* ChatViewModel.swift in Sources */,
				C001000E /* ConfirmationView.swift in Sources */,
				C001000F /* SettingsView.swift in Sources */,
				C0010010 /* NotificationSettingsView.swift in Sources */,
				C0010011 /* ConversationStartersView.swift in Sources */,
				C0010012 /* AccountView.swift in Sources */,
				C0010013 /* ExploreView.swift in Sources */,
				C0010014 /* FlowEditorView.swift in Sources */,
				C0010015 /* FlowStepEditorView.swift in Sources */,
				C0010016 /* DynamicFlowView.swift in Sources */,
				C0010017 /* DynamicStepView.swift in Sources */,
				C0010018 /* FlowPreviewView.swift in Sources */,
				C0010019 /* VoiceRecorderView.swift in Sources */,
			);
			runOnlyForDeploymentPostprocessing = 0;
		};
		F0E11FCE2F1323E50024B6F1 /* Sources */ = {
			isa = PBXSourcesBuildPhase;
			buildActionMask = 2147483647;
			files = (
			);
			runOnlyForDeploymentPostprocessing = 0;
		};
/* End PBXSourcesBuildPhase section */

/* Begin PBXTargetDependency section */
		F0E11FE22F1323E70024B6F1 /* PBXTargetDependency */ = {
			isa = PBXTargetDependency;
			target = F0E11FD12F1323E50024B6F1 /* SitWatchWidgetExtension */;
			targetProxy = F0E11FE12F1323E70024B6F1 /* PBXContainerItemProxy */;
		};
/* End PBXTargetDependency section */

/* Begin XCBuildConfiguration section */
		459412F24C3505E84E785984 /* Debug */ = {
			isa = XCBuildConfiguration;
			buildSettings = {
				ASSETCATALOG_COMPILER_APPICON_NAME = AppIcon;
				ASSETCATALOG_COMPILER_GLOBAL_ACCENT_COLOR_NAME = AccentColor;
				CODE_SIGN_STYLE = Automatic;
				CURRENT_PROJECT_VERSION = 1;
				ENABLE_PREVIEWS = YES;
				GENERATE_INFOPLIST_FILE = NO;
				INFOPLIST_FILE = SitWatch/Info.plist;
				MARKETING_VERSION = 1.0;
				ONLY_ACTIVE_ARCH = YES;
				PRODUCT_BUNDLE_IDENTIFIER = com.jasonbenn.sit.watchkitapp;
				PRODUCT_NAME = "$(TARGET_NAME)";
				SDKROOT = watchos;
				SKIP_INSTALL = NO;
				SWIFT_VERSION = 5.0;
				TARGETED_DEVICE_FAMILY = 4;
				WATCHOS_DEPLOYMENT_TARGET = 10.0;
			};
			name = Debug;
		};
		50E6A91327ACF22E8C2F8D02 /* Release */ = {
			isa = XCBuildConfiguration;
			buildSettings = {
				ASSETCATALOG_COMPILER_APPICON_NAME = AppIcon;
				ASSETCATALOG_COMPILER_GLOBAL_ACCENT_COLOR_NAME = AccentColor;
				CODE_SIGN_STYLE = Automatic;
				CURRENT_PROJECT_VERSION = 1;
				ENABLE_PREVIEWS = YES;
				GENERATE_INFOPLIST_FILE = NO;
				INFOPLIST_FILE = SitWatch/Info.plist;
				MARKETING_VERSION = 1.0;
				ONLY_ACTIVE_ARCH = YES;
				PRODUCT_BUNDLE_IDENTIFIER = com.jasonbenn.sit.watchkitapp;
				PRODUCT_NAME = "$(TARGET_NAME)";
				SDKROOT = watchos;
				SKIP_INSTALL = NO;
				SWIFT_VERSION = 5.0;
				TARGETED_DEVICE_FAMILY = 4;
				VALIDATE_PRODUCT = YES;
				WATCHOS_DEPLOYMENT_TARGET = 10.0;
			};
			name = Release;
		};
		DA000001 /* Debug */ = {
			isa = XCBuildConfiguration;
			buildSettings = {
				ALWAYS_SEARCH_USER_PATHS = NO;
				ASSETCATALOG_COMPILER_GENERATE_SWIFT_ASSET_SYMBOL_EXTENSIONS = YES;
				CLANG_ANALYZER_NONNULL = YES;
				CLANG_ANALYZER_NUMBER_OBJECT_CONVERSION = YES_AGGRESSIVE;
				CLANG_CXX_LANGUAGE_STANDARD = "gnu++20";
				CLANG_ENABLE_MODULES = YES;
				CLANG_ENABLE_OBJC_ARC = YES;
				CLANG_ENABLE_OBJC_WEAK = YES;
				CLANG_WARN_BLOCK_CAPTURE_AUTORELEASING = YES;
				CLANG_WARN_BOOL_CONVERSION = YES;
				CLANG_WARN_COMMA = YES;
				CLANG_WARN_CONSTANT_CONVERSION = YES;
				CLANG_WARN_DEPRECATED_OBJC_IMPLEMENTATIONS = YES;
				CLANG_WARN_DIRECT_OBJC_ISA_USAGE = YES_ERROR;
				CLANG_WARN_DOCUMENTATION_COMMENTS = YES;
				CLANG_WARN_EMPTY_BODY = YES;
				CLANG_WARN_ENUM_CONVERSION = YES;
				CLANG_WARN_INFINITE_RECURSION = YES;
				CLANG_WARN_INT_CONVERSION = YES;
				CLANG_WARN_NON_LITERAL_NULL_CONVERSION = YES;
				CLANG_WARN_OBJC_IMPLICIT_RETAIN_SELF = YES;
				CLANG_WARN_OBJC_LITERAL_CONVERSION = YES;
				CLANG_WARN_OBJC_ROOT_CLASS = YES_ERROR;
				CLANG_WARN_QUOTED_INCLUDE_IN_FRAMEWORK_HEADER = YES;
				CLANG_WARN_RANGE_LOOP_ANALYSIS = YES;
				CLANG_WARN_STRICT_PROTOTYPES = YES;
				CLANG_WARN_SUSPICIOUS_MOVE = YES;
				CLANG_WARN_UNGUARDED_AVAILABILITY = YES_AGGRESSIVE;
				CLANG_WARN_UNREACHABLE_CODE = YES;
				CLANG_WARN__DUPLICATE_METHOD_MATCH = YES;
				COPY_PHASE_STRIP = NO;
				DEBUG_INFORMATION_FORMAT = dwarf;
				DEVELOPMENT_TEAM = JGB9FCMU22;
				ENABLE_STRICT_OBJC_MSGSEND = YES;
				ENABLE_TESTABILITY = YES;
				ENABLE_USER_SCRIPT_SANDBOXING = YES;
				GCC_C_LANGUAGE_STANDARD = gnu17;
				GCC_DYNAMIC_NO_PIC = NO;
				GCC_NO_COMMON_BLOCKS = YES;
				GCC_OPTIMIZATION_LEVEL = 0;
				GCC_PREPROCESSOR_DEFINITIONS = (
					"DEBUG=1",
					"$(inherited)",
				);
				GCC_WARN_64_TO_32_BIT_CONVERSION = YES;
				GCC_WARN_ABOUT_RETURN_TYPE = YES_ERROR;
				GCC_WARN_UNDECLARED_SELECTOR = YES;
				GCC_WARN_UNINITIALIZED_AUTOS = YES_AGGRESSIVE;
				GCC_WARN_UNUSED_FUNCTION = YES;
				GCC_WARN_UNUSED_VARIABLE = YES;
				IPHONEOS_DEPLOYMENT_TARGET = 17.0;
				LOCALIZATION_PREFERS_STRING_CATALOGS = YES;
				MTL_ENABLE_DEBUG_INFO = INCLUDE_SOURCE;
				MTL_FAST_MATH = YES;
				ONLY_ACTIVE_ARCH = YES;
				SDKROOT = iphoneos;
				STRING_CATALOG_GENERATE_SYMBOLS = YES;
				SWIFT_ACTIVE_COMPILATION_CONDITIONS = "DEBUG $(inherited)";
				SWIFT_OPTIMIZATION_LEVEL = "-Onone";
			};
			name = Debug;
		};
		DA000002 /* Release */ = {
			isa = XCBuildConfiguration;
			buildSettings = {
				ALWAYS_SEARCH_USER_PATHS = NO;
				ASSETCATALOG_COMPILER_GENERATE_SWIFT_ASSET_SYMBOL_EXTENSIONS = YES;
				CLANG_ANALYZER_NONNULL = YES;
				CLANG_ANALYZER_NUMBER_OBJECT_CONVERSION = YES_AGGRESSIVE;
				CLANG_CXX_LANGUAGE_STANDARD = "gnu++20";
				CLANG_ENABLE_MODULES = YES;
				CLANG_ENABLE_OBJC_ARC = YES;
				CLANG_ENABLE_OBJC_WEAK = YES;
				CLANG_WARN_BLOCK_CAPTURE_AUTORELEASING = YES;
				CLANG_WARN_BOOL_CONVERSION = YES;
				CLANG_WARN_COMMA = YES;
				CLANG_WARN_CONSTANT_CONVERSION = YES;
				CLANG_WARN_DEPRECATED_OBJC_IMPLEMENTATIONS = YES;
				CLANG_WARN_DIRECT_OBJC_ISA_USAGE = YES_ERROR;
				CLANG_WARN_DOCUMENTATION_COMMENTS = YES;
				CLANG_WARN_EMPTY_BODY = YES;
				CLANG_WARN_ENUM_CONVERSION = YES;
				CLANG_WARN_INFINITE_RECURSION = YES;
				CLANG_WARN_INT_CONVERSION = YES;
				CLANG_WARN_NON_LITERAL_NULL_CONVERSION = YES;
				CLANG_WARN_OBJC_IMPLICIT_RETAIN_SELF = YES;
				CLANG_WARN_OBJC_LITERAL_CONVERSION = YES;
				CLANG_WARN_OBJC_ROOT_CLASS = YES_ERROR;
				CLANG_WARN_QUOTED_INCLUDE_IN_FRAMEWORK_HEADER = YES;
				CLANG_WARN_RANGE_LOOP_ANALYSIS = YES;
				CLANG_WARN_STRICT_PROTOTYPES = YES;
				CLANG_WARN_SUSPICIOUS_MOVE = YES;
				CLANG_WARN_UNGUARDED_AVAILABILITY = YES_AGGRESSIVE;
				CLANG_WARN_UNREACHABLE_CODE = YES;
				CLANG_WARN__DUPLICATE_METHOD_MATCH = YES;
				COPY_PHASE_STRIP = NO;
				DEBUG_INFORMATION_FORMAT = "dwarf-with-dsym";
				DEVELOPMENT_TEAM = JGB9FCMU22;
				ENABLE_NS_ASSERTIONS = NO;
				ENABLE_STRICT_OBJC_MSGSEND = YES;
				ENABLE_USER_SCRIPT_SANDBOXING = YES;
				GCC_C_LANGUAGE_STANDARD = gnu17;
				GCC_NO_COMMON_BLOCKS = YES;
				GCC_WARN_64_TO_32_BIT_CONVERSION = YES;
				GCC_WARN_ABOUT_RETURN_TYPE = YES_ERROR;
				GCC_WARN_UNDECLARED_SELECTOR = YES;
				GCC_WARN_UNINITIALIZED_AUTOS = YES_AGGRESSIVE;
				GCC_WARN_UNUSED_FUNCTION = YES;
				GCC_WARN_UNUSED_VARIABLE = YES;
				IPHONEOS_DEPLOYMENT_TARGET = 17.0;
				LOCALIZATION_PREFERS_STRING_CATALOGS = YES;
				MTL_ENABLE_DEBUG_INFO = NO;
				MTL_FAST_MATH = YES;
				SDKROOT = iphoneos;
				STRING_CATALOG_GENERATE_SYMBOLS = YES;
				SWIFT_COMPILATION_MODE = wholemodule;
				VALIDATE_PRODUCT = YES;
			};
			name = Release;
		};
		EA000001 /* Debug */ = {
			isa = XCBuildConfiguration;
			buildSettings = {
				ASSETCATALOG_COMPILER_APPICON_NAME = AppIcon;
				ASSETCATALOG_COMPILER_GLOBAL_ACCENT_COLOR_NAME = AccentColor;
				CODE_SIGN_STYLE = Automatic;
				CURRENT_PROJECT_VERSION = 1;
				ENABLE_PREVIEWS = YES;
				GENERATE_INFOPLIST_FILE = NO;
				INFOPLIST_FILE = Sit/Info.plist;
				INFOPLIST_KEY_UIApplicationSceneManifest_Generation = YES;
				INFOPLIST_KEY_UIApplicationSupportsIndirectInputEvents = YES;
				INFOPLIST_KEY_UILaunchScreen_Generation = YES;
				INFOPLIST_KEY_UISupportedInterfaceOrientations_iPad = "UIInterfaceOrientationPortrait UIInterfaceOrientationPortraitUpsideDown UIInterfaceOrientationLandscapeLeft UIInterfaceOrientationLandscapeRight";
				INFOPLIST_KEY_UISupportedInterfaceOrientations_iPhone = "UIInterfaceOrientationPortrait UIInterfaceOrientationLandscapeLeft UIInterfaceOrientationLandscapeRight";
				LD_RUNPATH_SEARCH_PATHS = (
					"$(inherited)",
					"@executable_path/Frameworks",
				);
				MARKETING_VERSION = 1.0;
				PRODUCT_BUNDLE_IDENTIFIER = com.jasonbenn.sit;
				PRODUCT_NAME = "$(TARGET_NAME)";
				SWIFT_EMIT_LOC_STRINGS = YES;
				SWIFT_VERSION = 5.0;
				TARGETED_DEVICE_FAMILY = "1,2";
			};
			name = Debug;
		};
		EA000002 /* Release */ = {
			isa = XCBuildConfiguration;
			buildSettings = {
				ASSETCATALOG_COMPILER_APPICON_NAME = AppIcon;
				ASSETCATALOG_COMPILER_GLOBAL_ACCENT_COLOR_NAME = AccentColor;
				CODE_SIGN_STYLE = Automatic;
				CURRENT_PROJECT_VERSION = 1;
				ENABLE_PREVIEWS = YES;
				GENERATE_INFOPLIST_FILE = NO;
				INFOPLIST_FILE = Sit/Info.plist;
				INFOPLIST_KEY_UIApplicationSceneManifest_Generation = YES;
				INFOPLIST_KEY_UIApplicationSupportsIndirectInputEvents = YES;
				INFOPLIST_KEY_UILaunchScreen_Generation = YES;
				INFOPLIST_KEY_UISupportedInterfaceOrientations_iPad = "UIInterfaceOrientationPortrait UIInterfaceOrientationPortraitUpsideDown UIInterfaceOrientationLandscapeLeft UIInterfaceOrientationLandscapeRight";
				INFOPLIST_KEY_UISupportedInterfaceOrientations_iPhone = "UIInterfaceOrientationPortrait UIInterfaceOrientationLandscapeLeft UIInterfaceOrientationLandscapeRight";
				LD_RUNPATH_SEARCH_PATHS = (
					"$(inherited)",
					"@executable_path/Frameworks",
				);
				MARKETING_VERSION = 1.0;
				PRODUCT_BUNDLE_IDENTIFIER = com.jasonbenn.sit;
				PRODUCT_NAME = "$(TARGET_NAME)";
				SWIFT_EMIT_LOC_STRINGS = YES;
				SWIFT_VERSION = 5.0;
				TARGETED_DEVICE_FAMILY = "1,2";
			};
			name = Release;
		};
		F0E11FE52F1323E70024B6F1 /* Debug */ = {
			isa = XCBuildConfiguration;
			buildSettings = {
				ASSETCATALOG_COMPILER_GLOBAL_ACCENT_COLOR_NAME = AccentColor;
				ASSETCATALOG_COMPILER_WIDGET_BACKGROUND_COLOR_NAME = WidgetBackground;
				CODE_SIGN_STYLE = Automatic;
				CURRENT_PROJECT_VERSION = 1;
				GENERATE_INFOPLIST_FILE = YES;
				INFOPLIST_FILE = SitWatchWidget/Info.plist;
				INFOPLIST_KEY_CFBundleDisplayName = SitWatchWidget;
				INFOPLIST_KEY_NSHumanReadableCopyright = "";
				LD_RUNPATH_SEARCH_PATHS = (
					"$(inherited)",
					"@executable_path/Frameworks",
					"@executable_path/../../Frameworks",
					"@executable_path/../../../../Frameworks",
				);
				MARKETING_VERSION = 1.0;
				PRODUCT_BUNDLE_IDENTIFIER = com.jasonbenn.sit.watchkitapp.SitWatchWidget;
				PRODUCT_NAME = "$(TARGET_NAME)";
				SDKROOT = watchos;
				SKIP_INSTALL = YES;
				STRING_CATALOG_GENERATE_SYMBOLS = YES;
				SWIFT_APPROACHABLE_CONCURRENCY = YES;
				SWIFT_EMIT_LOC_STRINGS = YES;
				SWIFT_UPCOMING_FEATURE_MEMBER_IMPORT_VISIBILITY = YES;
				SWIFT_VERSION = 5.0;
				TARGETED_DEVICE_FAMILY = 4;
				WATCHOS_DEPLOYMENT_TARGET = 10.0;
			};
			name = Debug;
		};
		F0E11FE62F1323E70024B6F1 /* Release */ = {
			isa = XCBuildConfiguration;
			buildSettings = {
				ASSETCATALOG_COMPILER_GLOBAL_ACCENT_COLOR_NAME = AccentColor;
				ASSETCATALOG_COMPILER_WIDGET_BACKGROUND_COLOR_NAME = WidgetBackground;
				CODE_SIGN_STYLE = Automatic;
				CURRENT_PROJECT_VERSION = 1;
				GENERATE_INFOPLIST_FILE = YES;
				INFOPLIST_FILE = SitWatchWidget/Info.plist;
				INFOPLIST_KEY_CFBundleDisplayName = SitWatchWidget;
				INFOPLIST_KEY_NSHumanReadableCopyright = "";
				LD_RUNPATH_SEARCH_PATHS = (
					"$(inherited)",
					"@executable_path/Frameworks",
					"@executable_path/../../Frameworks",
					"@executable_path/../../../../Frameworks",
				);
				MARKETING_VERSION = 1.0;
				PRODUCT_BUNDLE_IDENTIFIER = com.jasonbenn.sit.watchkitapp.SitWatchWidget;
				PRODUCT_NAME = "$(TARGET_NAME)";
				SDKROOT = watchos;
				SKIP_INSTALL = YES;
				STRING_CATALOG_GENERATE_SYMBOLS = YES;
				SWIFT_APPROACHABLE_CONCURRENCY = YES;
				SWIFT_EMIT_LOC_STRINGS = YES;
				SWIFT_UPCOMING_FEATURE_MEMBER_IMPORT_VISIBILITY = YES;
				SWIFT_VERSION = 5.0;
				TARGETED_DEVICE_FAMILY = 4;
				WATCHOS_DEPLOYMENT_TARGET = 10.0;
			};
			name = Release;
		};
/* End XCBuildConfiguration section */

/* Begin XCConfigurationList section */
		82ED8AC024C2AAB7F9752B9D /* Build configuration list for PBXNativeTarget "SitWatch" */ = {
			isa = XCConfigurationList;
			buildConfigurations = (
				50E6A91327ACF22E8C2F8D02 /* Release */,
				459412F24C3505E84E785984 /* Debug */,
			);
			defaultConfigurationIsVisible = 0;
			defaultConfigurationName = Release;
		};
		9A000001 /* Build configuration list for PBXNativeTarget "Sit" */ = {
			isa = XCConfigurationList;
			buildConfigurations = (
				EA000001 /* Debug */,
				EA000002 /* Release */,
			);
			defaultConfigurationIsVisible = 0;
			defaultConfigurationName = Release;
		};
		CA000001 /* Build configuration list for PBXProject "Sit" */ = {
			isa = XCConfigurationList;
			buildConfigurations = (
				DA000001 /* Debug */,
				DA000002 /* Release */,
			);
			defaultConfigurationIsVisible = 0;
			defaultConfigurationName = Release;
		};
		F0E11FE82F1323E70024B6F1 /* Build configuration list for PBXNativeTarget "SitWatchWidgetExtension" */ = {
			isa = XCConfigurationList;
			buildConfigurations = (
				F0E11FE52F1323E70024B6F1 /* Debug */,
				F0E11FE62F1323E70024B6F1 /* Release */,
			);
			defaultConfigurationIsVisible = 0;
			defaultConfigurationName = Release;
		};
/* End XCConfigurationList section */
	};
	rootObject = BA000001 /* Project object */;
}
